
Microsoft Visual Studio Solution File, Format Version 12.00
# Visual Studio Express 2012 for Windows Desktop
Project("{FAE04EC0-301F-11D3-BF4B-00C04F79EFBC}") = "Wunderground_API_Test", "Wunderground_API_Test\Wunderground_API_Test.csproj", "{2AE89373-67FD-41EF-9324-BC1EA91AD46C}"
EndProject
Global
	GlobalSection(SolutionConfigurationPlatforms) = preSolution
		Debug|Any CPU = Debug|Any CPU
		Release|Any CPU = Release|Any CPU
	EndGlobalSection
	GlobalSection(ProjectConfigurationPlatforms) = postSolution
		{2AE89373-67FD-41EF-9324-BC1EA91AD46C}.Debug|Any CPU.ActiveCfg = Debug|Any CPU
		{2AE89373-67FD-41EF-9324-BC1EA91AD46C}.Debug|Any CPU.Build.0 = Debug|Any CPU
		{2AE89373-67FD-41EF-9324-BC1EA91AD46C}.Release|Any CPU.ActiveCfg = Release|Any CPU
		{2AE89373-67FD-41EF-9324-BC1EA91AD46C}.Release|Any CPU.Build.0 = Release|Any CPU
	EndGlobalSection
	GlobalSection(SolutionProperties) = preSolution
		HideSolutionNode = FALSE
	EndGlobalSection
EndGlobal
